
Microsoft Visual Studio Solution File, Format Version 12.00
# Visual Studio Version 17
VisualStudioVersion = 17.4.33213.308
MinimumVisualStudioVersion = 10.0.40219.1
Project("{FAE04EC0-301F-11D3-BF4B-00C04F79EFBC}") = "FunctionApp2", "FunctionApp2.csproj", "{5E629E86-19F2-42A7-9608-7007462A824D}"
EndProject
Global
	GlobalSection(SolutionConfigurationPlatforms) = preSolution
		Debug|Any CPU = Debug|Any CPU
		Release|Any CPU = Release|Any CPU
	EndGlobalSection
	GlobalSection(ProjectConfigurationPlatforms) = postSolution
		{5E629E86-19F2-42A7-9608-7007462A824D}.Debug|Any CPU.ActiveCfg = Debug|Any CPU
		{5E629E86-19F2-42A7-9608-7007462A824D}.Debug|Any CPU.Build.0 = Debug|Any CPU
		{5E629E86-19F2-42A7-9608-7007462A824D}.Release|Any CPU.ActiveCfg = Release|Any CPU
		{5E629E86-19F2-42A7-9608-7007462A824D}.Release|Any CPU.Build.0 = Release|Any CPU
	EndGlobalSection
	GlobalSection(SolutionProperties) = preSolution
		HideSolutionNode = FALSE
	EndGlobalSection
	GlobalSection(ExtensibilityGlobals) = postSolution
		SolutionGuid = {46A2B592-FA35-4146-9756-E2874FA32DEA}
	EndGlobalSection
EndGlobal
